// !$*UTF8*$!
{
	archiveVersion = 1;
	classes = {
	};
	objectVersion = 55;
	objects = {

/* Begin PBXBuildFile section */
		FF35FC4B2979737300196881 /* NetworkManager.swift in Sources */ = {isa = PBXBuildFile; fileRef = FF35FC4A2979737300196881 /* NetworkManager.swift */; };
		FF35FC532979746E00196881 /* ImageOfCharacters.swift in Sources */ = {isa = PBXBuildFile; fileRef = FF35FC4F2979746E00196881 /* ImageOfCharacters.swift */; };
		FF35FC542979746E00196881 /* Location.swift in Sources */ = {isa = PBXBuildFile; fileRef = FF35FC502979746E00196881 /* Location.swift */; };
		FF35FC552979746E00196881 /* Character.swift in Sources */ = {isa = PBXBuildFile; fileRef = FF35FC512979746E00196881 /* Character.swift */; };
		FF35FC562979746E00196881 /* Episode.swift in Sources */ = {isa = PBXBuildFile; fileRef = FF35FC522979746E00196881 /* Episode.swift */; };
		FF35FC58297A74DA00196881 /* CharacterDetail.swift in Sources */ = {isa = PBXBuildFile; fileRef = FF35FC57297A74DA00196881 /* CharacterDetail.swift */; };
		FF5B7B89297934900049F5D6 /* Kingfisher in Frameworks */ = {isa = PBXBuildFile; productRef = FF5B7B88297934900049F5D6 /* Kingfisher */; };
		FF5ED90129997E0500804CA5 /* CharacterCellDataState.swift in Sources */ = {isa = PBXBuildFile; fileRef = FF5ED90029997E0500804CA5 /* CharacterCellDataState.swift */; };
		FF5ED906299B6A6C00804CA5 /* HeaderView.swift in Sources */ = {isa = PBXBuildFile; fileRef = FF5ED905299B6A6C00804CA5 /* HeaderView.swift */; };
		FF67F1DB297A8E4E002B606B /* Log.swift in Sources */ = {isa = PBXBuildFile; fileRef = FF67F1DA297A8E4E002B606B /* Log.swift */; };
		FF67F1DE297AE2BA002B606B /* Realm in Frameworks */ = {isa = PBXBuildFile; productRef = FF67F1DD297AE2BA002B606B /* Realm */; };
		FF67F1E0297AE2BA002B606B /* RealmSwift in Frameworks */ = {isa = PBXBuildFile; productRef = FF67F1DF297AE2BA002B606B /* RealmSwift */; };
		FF67F1E5297D5BB6002B606B /* RealmService.swift in Sources */ = {isa = PBXBuildFile; fileRef = FF67F1E4297D5BB6002B606B /* RealmService.swift */; };
		FF67F1E7297D5BDC002B606B /* Constants.swift in Sources */ = {isa = PBXBuildFile; fileRef = FF67F1E6297D5BDC002B606B /* Constants.swift */; };
		FF67F1EA297D5DC8002B606B /* EncodableExtension.swift in Sources */ = {isa = PBXBuildFile; fileRef = FF67F1E9297D5DC8002B606B /* EncodableExtension.swift */; };
		FF67F1EC297D5EAD002B606B /* ErrorLogging.swift in Sources */ = {isa = PBXBuildFile; fileRef = FF67F1EB297D5EAD002B606B /* ErrorLogging.swift */; };
		FF67F1EF297D9240002B606B /* ObjectExtension.swift in Sources */ = {isa = PBXBuildFile; fileRef = FF67F1EE297D9240002B606B /* ObjectExtension.swift */; };
		FF7E149C297EB02100FFC04B /* MainPageViewModel.swift in Sources */ = {isa = PBXBuildFile; fileRef = FF7E149B297EB02100FFC04B /* MainPageViewModel.swift */; };
		FF7F01D62983C2AA00080CA2 /* SkeletonView.swift in Sources */ = {isa = PBXBuildFile; fileRef = FF7F01D52983C2AA00080CA2 /* SkeletonView.swift */; };
		FF7F01DF2983ED8800080CA2 /* MainPageCoordinator.swift in Sources */ = {isa = PBXBuildFile; fileRef = FF7F01DE2983ED8800080CA2 /* MainPageCoordinator.swift */; };
		FF7F01E12983F8D200080CA2 /* CharacterCollectionViewCell.swift in Sources */ = {isa = PBXBuildFile; fileRef = FF7F01E02983F8D200080CA2 /* CharacterCollectionViewCell.swift */; };
		FF7F01E32983F97F00080CA2 /* CharacterCellViewModel.swift in Sources */ = {isa = PBXBuildFile; fileRef = FF7F01E22983F97F00080CA2 /* CharacterCellViewModel.swift */; };
		FF7F01E72983FAFF00080CA2 /* SplashCoordinator.swift in Sources */ = {isa = PBXBuildFile; fileRef = FF7F01E42983FAFF00080CA2 /* SplashCoordinator.swift */; };
		FF7F01E82983FAFF00080CA2 /* SplashBuilder.swift in Sources */ = {isa = PBXBuildFile; fileRef = FF7F01E52983FAFF00080CA2 /* SplashBuilder.swift */; };
		FF7F01E92983FAFF00080CA2 /* SplashController.swift in Sources */ = {isa = PBXBuildFile; fileRef = FF7F01E62983FAFF00080CA2 /* SplashController.swift */; };
		FF7F01EB2983FB3900080CA2 /* MainPageViewController.swift in Sources */ = {isa = PBXBuildFile; fileRef = FF7F01EA2983FB3900080CA2 /* MainPageViewController.swift */; };
		FF877FBE29795C7900029787 /* query.graphql in Resources */ = {isa = PBXBuildFile; fileRef = FF877FBD29795C7900029787 /* query.graphql */; };
		FF877FCB297964FA00029787 /* schema.json in Resources */ = {isa = PBXBuildFile; fileRef = FF877FCA297964FA00029787 /* schema.json */; };
		FF89898D297FD17A00CA0291 /* API.swift in Sources */ = {isa = PBXBuildFile; fileRef = FF89898C297FD17A00CA0291 /* API.swift */; };
		FF898993297FD23E00CA0291 /* MainPageBuilder.swift in Sources */ = {isa = PBXBuildFile; fileRef = FF898992297FD23E00CA0291 /* MainPageBuilder.swift */; };
		FFA2DE552980006F00D6B013 /* ApolloCombine in Frameworks */ = {isa = PBXBuildFile; productRef = FFA2DE542980006F00D6B013 /* ApolloCombine */; };
		FFA2DE582980009900D6B013 /* Apollo in Frameworks */ = {isa = PBXBuildFile; productRef = FFA2DE572980009900D6B013 /* Apollo */; };
		FFA2DE5C2980025000D6B013 /* query2.graphql in Resources */ = {isa = PBXBuildFile; fileRef = FFA2DE5B2980025000D6B013 /* query2.graphql */; };
		FFA2DE632980230E00D6B013 /* Coordinator.swift in Sources */ = {isa = PBXBuildFile; fileRef = FFA2DE622980230E00D6B013 /* Coordinator.swift */; };
		FFA2DE672981041300D6B013 /* UIViewExtensions.swift in Sources */ = {isa = PBXBuildFile; fileRef = FFA2DE662981041300D6B013 /* UIViewExtensions.swift */; };
		FFCA2DD0291E643F00ED877E /* AppDelegate.swift in Sources */ = {isa = PBXBuildFile; fileRef = FFCA2DCF291E643F00ED877E /* AppDelegate.swift */; };
		FFCA2DD2291E643F00ED877E /* SceneDelegate.swift in Sources */ = {isa = PBXBuildFile; fileRef = FFCA2DD1291E643F00ED877E /* SceneDelegate.swift */; };
		FFCA2DD7291E643F00ED877E /* Main.storyboard in Resources */ = {isa = PBXBuildFile; fileRef = FFCA2DD5291E643F00ED877E /* Main.storyboard */; };
		FFCA2DD9291E644200ED877E /* Assets.xcassets in Resources */ = {isa = PBXBuildFile; fileRef = FFCA2DD8291E644200ED877E /* Assets.xcassets */; };
		FFCA2DDC291E644200ED877E /* LaunchScreen.storyboard in Resources */ = {isa = PBXBuildFile; fileRef = FFCA2DDA291E644200ED877E /* LaunchScreen.storyboard */; };
		FFCA2DE7291E644200ED877E /* SpaceXAppTests.swift in Sources */ = {isa = PBXBuildFile; fileRef = FFCA2DE6291E644200ED877E /* SpaceXAppTests.swift */; };
		FFCA2DF1291E644200ED877E /* SpaceXAppUITests.swift in Sources */ = {isa = PBXBuildFile; fileRef = FFCA2DF0291E644200ED877E /* SpaceXAppUITests.swift */; };
		FFCA2DF3291E644200ED877E /* SpaceXAppUITestsLaunchTests.swift in Sources */ = {isa = PBXBuildFile; fileRef = FFCA2DF2291E644200ED877E /* SpaceXAppUITestsLaunchTests.swift */; };
		FFD6BE6729A3A3220050E4D0 /* getLocationsQuery.graphql in Resources */ = {isa = PBXBuildFile; fileRef = FFD6BE6629A3A3220050E4D0 /* getLocationsQuery.graphql */; };
		FFD6BE8129A4DAFE0050E4D0 /* LocationCollectionViewCell.swift in Sources */ = {isa = PBXBuildFile; fileRef = FFD6BE8029A4DAFE0050E4D0 /* LocationCollectionViewCell.swift */; };
		FFD6BE8329A4DB340050E4D0 /* LocationCellViewModel.swift in Sources */ = {isa = PBXBuildFile; fileRef = FFD6BE8229A4DB340050E4D0 /* LocationCellViewModel.swift */; };
		FFD6BE8529A4E3FD0050E4D0 /* MainPageContracts.swift in Sources */ = {isa = PBXBuildFile; fileRef = FFD6BE8429A4E3FD0050E4D0 /* MainPageContracts.swift */; };
		FFD8602B299CB3DC0087CE66 /* CharacterDetailViewController.swift in Sources */ = {isa = PBXBuildFile; fileRef = FFD86025299CB3DC0087CE66 /* CharacterDetailViewController.swift */; };
		FFD86030299CB3DC0087CE66 /* CharacterDetailBuilder.swift in Sources */ = {isa = PBXBuildFile; fileRef = FFD8602A299CB3DC0087CE66 /* CharacterDetailBuilder.swift */; };
		FFD86032299CB5E70087CE66 /* CharacterDetailCoordinator.swift in Sources */ = {isa = PBXBuildFile; fileRef = FFD86031299CB5E70087CE66 /* CharacterDetailCoordinator.swift */; };
		FFD86034299CB63D0087CE66 /* CharacterDetailViewModel.swift in Sources */ = {isa = PBXBuildFile; fileRef = FFD86033299CB63D0087CE66 /* CharacterDetailViewModel.swift */; };
		FFEB667329814F2A00D0E5C2 /* getCharactersQuery.graphql in Resources */ = {isa = PBXBuildFile; fileRef = FFEB667229814F2A00D0E5C2 /* getCharactersQuery.graphql */; };
		FFEB66772982590300D0E5C2 /* MainPageDataState.swift in Sources */ = {isa = PBXBuildFile; fileRef = FFEB66762982590300D0E5C2 /* MainPageDataState.swift */; };
/* End PBXBuildFile section */

/* Begin PBXContainerItemProxy section */
		FFCA2DE3291E644200ED877E /* PBXContainerItemProxy */ = {
			isa = PBXContainerItemProxy;
			containerPortal = FFCA2DC4291E643F00ED877E /* Project object */;
			proxyType = 1;
			remoteGlobalIDString = FFCA2DCB291E643F00ED877E;
			remoteInfo = SpaceXApp;
		};
		FFCA2DED291E644200ED877E /* PBXContainerItemProxy */ = {
			isa = PBXContainerItemProxy;
			containerPortal = FFCA2DC4291E643F00ED877E /* Project object */;
			proxyType = 1;
			remoteGlobalIDString = FFCA2DCB291E643F00ED877E;
			remoteInfo = SpaceXApp;
		};
/* End PBXContainerItemProxy section */

/* Begin PBXFileReference section */
		FF35FC4A2979737300196881 /* NetworkManager.swift */ = {isa = PBXFileReference; fileEncoding = 4; lastKnownFileType = sourcecode.swift; path = NetworkManager.swift; sourceTree = "<group>"; };
		FF35FC4F2979746E00196881 /* ImageOfCharacters.swift */ = {isa = PBXFileReference; fileEncoding = 4; lastKnownFileType = sourcecode.swift; path = ImageOfCharacters.swift; sourceTree = "<group>"; };
		FF35FC502979746E00196881 /* Location.swift */ = {isa = PBXFileReference; fileEncoding = 4; lastKnownFileType = sourcecode.swift; path = Location.swift; sourceTree = "<group>"; };
		FF35FC512979746E00196881 /* Character.swift */ = {isa = PBXFileReference; fileEncoding = 4; lastKnownFileType = sourcecode.swift; path = Character.swift; sourceTree = "<group>"; };
		FF35FC522979746E00196881 /* Episode.swift */ = {isa = PBXFileReference; fileEncoding = 4; lastKnownFileType = sourcecode.swift; path = Episode.swift; sourceTree = "<group>"; };
		FF35FC57297A74DA00196881 /* CharacterDetail.swift */ = {isa = PBXFileReference; lastKnownFileType = sourcecode.swift; path = CharacterDetail.swift; sourceTree = "<group>"; };
		FF5ED90029997E0500804CA5 /* CharacterCellDataState.swift */ = {isa = PBXFileReference; lastKnownFileType = sourcecode.swift; path = CharacterCellDataState.swift; sourceTree = "<group>"; };
		FF5ED905299B6A6C00804CA5 /* HeaderView.swift */ = {isa = PBXFileReference; lastKnownFileType = sourcecode.swift; path = HeaderView.swift; sourceTree = "<group>"; };
		FF67F1DA297A8E4E002B606B /* Log.swift */ = {isa = PBXFileReference; lastKnownFileType = sourcecode.swift; path = Log.swift; sourceTree = "<group>"; };
		FF67F1E4297D5BB6002B606B /* RealmService.swift */ = {isa = PBXFileReference; lastKnownFileType = sourcecode.swift; path = RealmService.swift; sourceTree = "<group>"; };
		FF67F1E6297D5BDC002B606B /* Constants.swift */ = {isa = PBXFileReference; lastKnownFileType = sourcecode.swift; path = Constants.swift; sourceTree = "<group>"; };
		FF67F1E9297D5DC8002B606B /* EncodableExtension.swift */ = {isa = PBXFileReference; lastKnownFileType = sourcecode.swift; path = EncodableExtension.swift; sourceTree = "<group>"; };
		FF67F1EB297D5EAD002B606B /* ErrorLogging.swift */ = {isa = PBXFileReference; lastKnownFileType = sourcecode.swift; name = ErrorLogging.swift; path = "../New Group1/ErrorLogging.swift"; sourceTree = "<group>"; };
		FF67F1EE297D9240002B606B /* ObjectExtension.swift */ = {isa = PBXFileReference; lastKnownFileType = sourcecode.swift; path = ObjectExtension.swift; sourceTree = "<group>"; };
		FF7E149B297EB02100FFC04B /* MainPageViewModel.swift */ = {isa = PBXFileReference; lastKnownFileType = sourcecode.swift; path = MainPageViewModel.swift; sourceTree = "<group>"; };
		FF7F01D52983C2AA00080CA2 /* SkeletonView.swift */ = {isa = PBXFileReference; lastKnownFileType = sourcecode.swift; name = SkeletonView.swift; path = "../New Group/SkeletonView.swift"; sourceTree = "<group>"; };
		FF7F01DE2983ED8800080CA2 /* MainPageCoordinator.swift */ = {isa = PBXFileReference; lastKnownFileType = sourcecode.swift; path = MainPageCoordinator.swift; sourceTree = "<group>"; };
		FF7F01E02983F8D200080CA2 /* CharacterCollectionViewCell.swift */ = {isa = PBXFileReference; lastKnownFileType = sourcecode.swift; path = CharacterCollectionViewCell.swift; sourceTree = "<group>"; };
		FF7F01E22983F97F00080CA2 /* CharacterCellViewModel.swift */ = {isa = PBXFileReference; lastKnownFileType = sourcecode.swift; path = CharacterCellViewModel.swift; sourceTree = "<group>"; };
		FF7F01E42983FAFF00080CA2 /* SplashCoordinator.swift */ = {isa = PBXFileReference; fileEncoding = 4; lastKnownFileType = sourcecode.swift; name = SplashCoordinator.swift; path = RickMortyGraphQL/Scenes/CharactersPage/SplashPage/SplashCoordinator.swift; sourceTree = SOURCE_ROOT; };
		FF7F01E52983FAFF00080CA2 /* SplashBuilder.swift */ = {isa = PBXFileReference; fileEncoding = 4; lastKnownFileType = sourcecode.swift; name = SplashBuilder.swift; path = RickMortyGraphQL/Scenes/CharactersPage/SplashPage/SplashBuilder.swift; sourceTree = SOURCE_ROOT; };
		FF7F01E62983FAFF00080CA2 /* SplashController.swift */ = {isa = PBXFileReference; fileEncoding = 4; lastKnownFileType = sourcecode.swift; name = SplashController.swift; path = RickMortyGraphQL/Scenes/CharactersPage/SplashPage/SplashController.swift; sourceTree = SOURCE_ROOT; };
		FF7F01EA2983FB3900080CA2 /* MainPageViewController.swift */ = {isa = PBXFileReference; lastKnownFileType = sourcecode.swift; path = MainPageViewController.swift; sourceTree = "<group>"; };
		FF877FBD29795C7900029787 /* query.graphql */ = {isa = PBXFileReference; lastKnownFileType = text; path = query.graphql; sourceTree = "<group>"; };
		FF877FCA297964FA00029787 /* schema.json */ = {isa = PBXFileReference; fileEncoding = 4; lastKnownFileType = text.json; path = schema.json; sourceTree = SOURCE_ROOT; };
		FF89898C297FD17A00CA0291 /* API.swift */ = {isa = PBXFileReference; fileEncoding = 4; lastKnownFileType = sourcecode.swift; name = API.swift; path = RickMortyGraphQL/API.swift; sourceTree = SOURCE_ROOT; };
		FF898992297FD23E00CA0291 /* MainPageBuilder.swift */ = {isa = PBXFileReference; lastKnownFileType = sourcecode.swift; path = MainPageBuilder.swift; sourceTree = "<group>"; };
		FFA2DE5B2980025000D6B013 /* query2.graphql */ = {isa = PBXFileReference; lastKnownFileType = text; path = query2.graphql; sourceTree = "<group>"; };
		FFA2DE622980230E00D6B013 /* Coordinator.swift */ = {isa = PBXFileReference; lastKnownFileType = sourcecode.swift; path = Coordinator.swift; sourceTree = "<group>"; };
		FFA2DE662981041300D6B013 /* UIViewExtensions.swift */ = {isa = PBXFileReference; lastKnownFileType = sourcecode.swift; path = UIViewExtensions.swift; sourceTree = "<group>"; };
		FFCA2DCC291E643F00ED877E /* RickMortyGraphQL.app */ = {isa = PBXFileReference; explicitFileType = wrapper.application; includeInIndex = 0; path = RickMortyGraphQL.app; sourceTree = BUILT_PRODUCTS_DIR; };
		FFCA2DCF291E643F00ED877E /* AppDelegate.swift */ = {isa = PBXFileReference; lastKnownFileType = sourcecode.swift; path = AppDelegate.swift; sourceTree = "<group>"; };
		FFCA2DD1291E643F00ED877E /* SceneDelegate.swift */ = {isa = PBXFileReference; lastKnownFileType = sourcecode.swift; path = SceneDelegate.swift; sourceTree = "<group>"; };
		FFCA2DD6291E643F00ED877E /* Base */ = {isa = PBXFileReference; lastKnownFileType = file.storyboard; name = Base; path = Base.lproj/Main.storyboard; sourceTree = "<group>"; };
		FFCA2DD8291E644200ED877E /* Assets.xcassets */ = {isa = PBXFileReference; lastKnownFileType = folder.assetcatalog; path = Assets.xcassets; sourceTree = "<group>"; };
		FFCA2DDB291E644200ED877E /* Base */ = {isa = PBXFileReference; lastKnownFileType = file.storyboard; name = Base; path = Base.lproj/LaunchScreen.storyboard; sourceTree = "<group>"; };
		FFCA2DDD291E644200ED877E /* Info.plist */ = {isa = PBXFileReference; lastKnownFileType = text.plist.xml; path = Info.plist; sourceTree = "<group>"; };
		FFCA2DE2291E644200ED877E /* RickMortyGraphQLTests.xctest */ = {isa = PBXFileReference; explicitFileType = wrapper.cfbundle; includeInIndex = 0; path = RickMortyGraphQLTests.xctest; sourceTree = BUILT_PRODUCTS_DIR; };
		FFCA2DE6291E644200ED877E /* SpaceXAppTests.swift */ = {isa = PBXFileReference; lastKnownFileType = sourcecode.swift; path = SpaceXAppTests.swift; sourceTree = "<group>"; };
		FFCA2DEC291E644200ED877E /* RickMortyGraphQLUITests.xctest */ = {isa = PBXFileReference; explicitFileType = wrapper.cfbundle; includeInIndex = 0; path = RickMortyGraphQLUITests.xctest; sourceTree = BUILT_PRODUCTS_DIR; };
		FFCA2DF0291E644200ED877E /* SpaceXAppUITests.swift */ = {isa = PBXFileReference; lastKnownFileType = sourcecode.swift; path = SpaceXAppUITests.swift; sourceTree = "<group>"; };
		FFCA2DF2291E644200ED877E /* SpaceXAppUITestsLaunchTests.swift */ = {isa = PBXFileReference; lastKnownFileType = sourcecode.swift; path = SpaceXAppUITestsLaunchTests.swift; sourceTree = "<group>"; };
		FFD6BE6629A3A3220050E4D0 /* getLocationsQuery.graphql */ = {isa = PBXFileReference; lastKnownFileType = text; path = getLocationsQuery.graphql; sourceTree = "<group>"; };
		FFD6BE8029A4DAFE0050E4D0 /* LocationCollectionViewCell.swift */ = {isa = PBXFileReference; lastKnownFileType = sourcecode.swift; path = LocationCollectionViewCell.swift; sourceTree = "<group>"; };
		FFD6BE8229A4DB340050E4D0 /* LocationCellViewModel.swift */ = {isa = PBXFileReference; lastKnownFileType = sourcecode.swift; path = LocationCellViewModel.swift; sourceTree = "<group>"; };
		FFD6BE8429A4E3FD0050E4D0 /* MainPageContracts.swift */ = {isa = PBXFileReference; lastKnownFileType = sourcecode.swift; path = MainPageContracts.swift; sourceTree = "<group>"; };
		FFD86025299CB3DC0087CE66 /* CharacterDetailViewController.swift */ = {isa = PBXFileReference; lastKnownFileType = sourcecode.swift; path = CharacterDetailViewController.swift; sourceTree = "<group>"; };
		FFD8602A299CB3DC0087CE66 /* CharacterDetailBuilder.swift */ = {isa = PBXFileReference; lastKnownFileType = sourcecode.swift; path = CharacterDetailBuilder.swift; sourceTree = "<group>"; };
		FFD86031299CB5E70087CE66 /* CharacterDetailCoordinator.swift */ = {isa = PBXFileReference; lastKnownFileType = sourcecode.swift; path = CharacterDetailCoordinator.swift; sourceTree = "<group>"; };
		FFD86033299CB63D0087CE66 /* CharacterDetailViewModel.swift */ = {isa = PBXFileReference; lastKnownFileType = sourcecode.swift; path = CharacterDetailViewModel.swift; sourceTree = "<group>"; };
		FFEB667229814F2A00D0E5C2 /* getCharactersQuery.graphql */ = {isa = PBXFileReference; lastKnownFileType = text; path = getCharactersQuery.graphql; sourceTree = "<group>"; };
		FFEB66762982590300D0E5C2 /* MainPageDataState.swift */ = {isa = PBXFileReference; lastKnownFileType = sourcecode.swift; path = MainPageDataState.swift; sourceTree = "<group>"; };
/* End PBXFileReference section */

/* Begin PBXFrameworksBuildPhase section */
		FFCA2DC9291E643F00ED877E /* Frameworks */ = {
			isa = PBXFrameworksBuildPhase;
			buildActionMask = 2147483647;
			files = (
				FFA2DE582980009900D6B013 /* Apollo in Frameworks */,
				FF67F1E0297AE2BA002B606B /* RealmSwift in Frameworks */,
				FFA2DE552980006F00D6B013 /* ApolloCombine in Frameworks */,
				FF67F1DE297AE2BA002B606B /* Realm in Frameworks */,
				FF5B7B89297934900049F5D6 /* Kingfisher in Frameworks */,
			);
			runOnlyForDeploymentPostprocessing = 0;
		};
		FFCA2DDF291E644200ED877E /* Frameworks */ = {
			isa = PBXFrameworksBuildPhase;
			buildActionMask = 2147483647;
			files = (
			);
			runOnlyForDeploymentPostprocessing = 0;
		};
		FFCA2DE9291E644200ED877E /* Frameworks */ = {
			isa = PBXFrameworksBuildPhase;
			buildActionMask = 2147483647;
			files = (
			);
			runOnlyForDeploymentPostprocessing = 0;
		};
/* End PBXFrameworksBuildPhase section */

/* Begin PBXGroup section */
		FF35FC4C2979742B00196881 /* StructModel */ = {
			isa = PBXGroup;
			children = (
				FF35FC512979746E00196881 /* Character.swift */,
				FF35FC57297A74DA00196881 /* CharacterDetail.swift */,
				FF35FC522979746E00196881 /* Episode.swift */,
				FF35FC4F2979746E00196881 /* ImageOfCharacters.swift */,
				FF35FC502979746E00196881 /* Location.swift */,
			);
			path = StructModel;
			sourceTree = "<group>";
		};
		FF5ED902299A58CB00804CA5 /* View */ = {
			isa = PBXGroup;
			children = (
				FF5ED905299B6A6C00804CA5 /* HeaderView.swift */,
			);
			path = View;
			sourceTree = "<group>";
		};
		FF67F1E3297D5B86002B606B /* Resources */ = {
			isa = PBXGroup;
			children = (
				FF35FC4A2979737300196881 /* NetworkManager.swift */,
				FF67F1E4297D5BB6002B606B /* RealmService.swift */,
			);
			path = Resources;
			sourceTree = "<group>";
		};
		FF67F1E8297D5DB3002B606B /* Extensions */ = {
			isa = PBXGroup;
			children = (
				FF67F1E6297D5BDC002B606B /* Constants.swift */,
				FF67F1E9297D5DC8002B606B /* EncodableExtension.swift */,
				FF67F1EE297D9240002B606B /* ObjectExtension.swift */,
				FFA2DE662981041300D6B013 /* UIViewExtensions.swift */,
			);
			path = Extensions;
			sourceTree = "<group>";
		};
		FF7E1460297E586600FFC04B /* CharactersPage */ = {
			isa = PBXGroup;
			children = (
				FF5ED902299A58CB00804CA5 /* View */,
				FF7F01EA2983FB3900080CA2 /* MainPageViewController.swift */,
				FF7E149B297EB02100FFC04B /* MainPageViewModel.swift */,
				FFD6BE8429A4E3FD0050E4D0 /* MainPageContracts.swift */,
				FF898992297FD23E00CA0291 /* MainPageBuilder.swift */,
				FFEB66762982590300D0E5C2 /* MainPageDataState.swift */,
				FF7F01DE2983ED8800080CA2 /* MainPageCoordinator.swift */,
				FFD6BE8629A5F0EA0050E4D0 /* EpisodeCell */,
				FFD6BE6829A3A88F0050E4D0 /* LocationCell */,
				FF7F01DD2983ED3000080CA2 /* CharacterCell */,
			);
			path = CharactersPage;
			sourceTree = "<group>";
		};
		FF7F01D72983EA6100080CA2 /* Scenes */ = {
			isa = PBXGroup;
			children = (
				FFD6BE8729A5F1220050E4D0 /* SplashPage */,
				FFD86024299CB35B0087CE66 /* CharacterDetail */,
				FF7E1460297E586600FFC04B /* CharactersPage */,
			);
			path = Scenes;
			sourceTree = "<group>";
		};
		FF7F01D82983EAE900080CA2 /* Components */ = {
			isa = PBXGroup;
			children = (
				FF7F01DA2983EB2700080CA2 /* Log Components */,
				FF7F01D92983EB1B00080CA2 /* View Components */,
			);
			path = Components;
			sourceTree = "<group>";
		};
		FF7F01D92983EB1B00080CA2 /* View Components */ = {
			isa = PBXGroup;
			children = (
				FF7F01D52983C2AA00080CA2 /* SkeletonView.swift */,
			);
			path = "View Components";
			sourceTree = "<group>";
		};
		FF7F01DA2983EB2700080CA2 /* Log Components */ = {
			isa = PBXGroup;
			children = (
				FF67F1EB297D5EAD002B606B /* ErrorLogging.swift */,
				FF67F1DA297A8E4E002B606B /* Log.swift */,
			);
			path = "Log Components";
			sourceTree = "<group>";
		};
		FF7F01DC2983EBBD00080CA2 /* Models */ = {
			isa = PBXGroup;
			children = (
				FF35FC4C2979742B00196881 /* StructModel */,
			);
			path = Models;
			sourceTree = "<group>";
		};
		FF7F01DD2983ED3000080CA2 /* CharacterCell */ = {
			isa = PBXGroup;
			children = (
				FF7F01E02983F8D200080CA2 /* CharacterCollectionViewCell.swift */,
				FF7F01E22983F97F00080CA2 /* CharacterCellViewModel.swift */,
				FF5ED90029997E0500804CA5 /* CharacterCellDataState.swift */,
			);
			path = CharacterCell;
			sourceTree = "<group>";
		};
		FF877FBC29795C6100029787 /* GraphQL */ = {
			isa = PBXGroup;
			children = (
				FF89898C297FD17A00CA0291 /* API.swift */,
				FFEB667229814F2A00D0E5C2 /* getCharactersQuery.graphql */,
				FF877FBD29795C7900029787 /* query.graphql */,
				FFA2DE5B2980025000D6B013 /* query2.graphql */,
				FFD6BE6629A3A3220050E4D0 /* getLocationsQuery.graphql */,
			);
			path = GraphQL;
			sourceTree = "<group>";
		};
		FFA2DE61298022F600D6B013 /* RootClasses */ = {
			isa = PBXGroup;
			children = (
				FFA2DE622980230E00D6B013 /* Coordinator.swift */,
			);
			path = RootClasses;
			sourceTree = "<group>";
		};
		FFCA2DC3291E643F00ED877E = {
			isa = PBXGroup;
			children = (
				FFCA2DCE291E643F00ED877E /* RickMortyGraphQL */,
				FFCA2DE5291E644200ED877E /* RickMortyGraphQLTests */,
				FFCA2DEF291E644200ED877E /* RickMortyGraphQL UITests */,
				FFCA2DCD291E643F00ED877E /* Products */,
			);
			sourceTree = "<group>";
		};
		FFCA2DCD291E643F00ED877E /* Products */ = {
			isa = PBXGroup;
			children = (
				FFCA2DCC291E643F00ED877E /* RickMortyGraphQL.app */,
				FFCA2DE2291E644200ED877E /* RickMortyGraphQLTests.xctest */,
				FFCA2DEC291E644200ED877E /* RickMortyGraphQLUITests.xctest */,
			);
			name = Products;
			sourceTree = "<group>";
		};
		FFCA2DCE291E643F00ED877E /* RickMortyGraphQL */ = {
			isa = PBXGroup;
			children = (
				FF7F01DC2983EBBD00080CA2 /* Models */,
				FFCA2DCF291E643F00ED877E /* AppDelegate.swift */,
				FFCA2DD1291E643F00ED877E /* SceneDelegate.swift */,
				FF7F01D82983EAE900080CA2 /* Components */,
				FF7F01D72983EA6100080CA2 /* Scenes */,
				FFA2DE61298022F600D6B013 /* RootClasses */,
				FF67F1E8297D5DB3002B606B /* Extensions */,
				FF67F1E3297D5B86002B606B /* Resources */,
				FF877FBC29795C6100029787 /* GraphQL */,
				FFCA2DD5291E643F00ED877E /* Main.storyboard */,
				FF877FCA297964FA00029787 /* schema.json */,
				FFCA2DD8291E644200ED877E /* Assets.xcassets */,
				FFCA2DDA291E644200ED877E /* LaunchScreen.storyboard */,
				FFCA2DDD291E644200ED877E /* Info.plist */,
			);
			path = RickMortyGraphQL;
			sourceTree = "<group>";
		};
		FFCA2DE5291E644200ED877E /* RickMortyGraphQLTests */ = {
			isa = PBXGroup;
			children = (
				FFCA2DE6291E644200ED877E /* SpaceXAppTests.swift */,
			);
			path = RickMortyGraphQLTests;
			sourceTree = "<group>";
		};
		FFCA2DEF291E644200ED877E /* RickMortyGraphQL UITests */ = {
			isa = PBXGroup;
			children = (
				FFCA2DF0291E644200ED877E /* SpaceXAppUITests.swift */,
				FFCA2DF2291E644200ED877E /* SpaceXAppUITestsLaunchTests.swift */,
			);
			path = "RickMortyGraphQL UITests";
			sourceTree = "<group>";
		};
		FFD6BE6829A3A88F0050E4D0 /* LocationCell */ = {
			isa = PBXGroup;
			children = (
				FFD6BE8029A4DAFE0050E4D0 /* LocationCollectionViewCell.swift */,
				FFD6BE8229A4DB340050E4D0 /* LocationCellViewModel.swift */,
			);
			path = LocationCell;
			sourceTree = "<group>";
		};
		FFD6BE8629A5F0EA0050E4D0 /* EpisodeCell */ = {
			isa = PBXGroup;
			children = (
			);
			path = EpisodeCell;
			sourceTree = "<group>";
		};
		FFD6BE8729A5F1220050E4D0 /* SplashPage */ = {
			isa = PBXGroup;
			children = (
				FF7F01E52983FAFF00080CA2 /* SplashBuilder.swift */,
				FF7F01E62983FAFF00080CA2 /* SplashController.swift */,
				FF7F01E42983FAFF00080CA2 /* SplashCoordinator.swift */,
			);
			name = SplashPage;
			path = CharactersPage/SplashPage;
			sourceTree = "<group>";
		};
		FFD86024299CB35B0087CE66 /* CharacterDetail */ = {
			isa = PBXGroup;
			children = (
				FFD86025299CB3DC0087CE66 /* CharacterDetailViewController.swift */,
				FFD8602A299CB3DC0087CE66 /* CharacterDetailBuilder.swift */,
				FFD86031299CB5E70087CE66 /* CharacterDetailCoordinator.swift */,
				FFD86033299CB63D0087CE66 /* CharacterDetailViewModel.swift */,
			);
			path = CharacterDetail;
			sourceTree = "<group>";
		};
/* End PBXGroup section */

/* Begin PBXNativeTarget section */
		FFCA2DCB291E643F00ED877E /* RickMortyGraphQL */ = {
			isa = PBXNativeTarget;
			buildConfigurationList = FFCA2DF6291E644200ED877E /* Build configuration list for PBXNativeTarget "RickMortyGraphQL" */;
			buildPhases = (
				FF898988297FCF0600CA0291 /* Apollo */,
				FFCA2DC8291E643F00ED877E /* Sources */,
				FFCA2DC9291E643F00ED877E /* Frameworks */,
				FFCA2DCA291E643F00ED877E /* Resources */,
			);
			buildRules = (
			);
			dependencies = (
			);
			name = RickMortyGraphQL;
			packageProductDependencies = (
				FF5B7B88297934900049F5D6 /* Kingfisher */,
				FF67F1DD297AE2BA002B606B /* Realm */,
				FF67F1DF297AE2BA002B606B /* RealmSwift */,
				FFA2DE542980006F00D6B013 /* ApolloCombine */,
				FFA2DE572980009900D6B013 /* Apollo */,
			);
			productName = SpaceXApp;
			productReference = FFCA2DCC291E643F00ED877E /* RickMortyGraphQL.app */;
			productType = "com.apple.product-type.application";
		};
		FFCA2DE1291E644200ED877E /* RickMortyGraphQLTests */ = {
			isa = PBXNativeTarget;
			buildConfigurationList = FFCA2DF9291E644200ED877E /* Build configuration list for PBXNativeTarget "RickMortyGraphQLTests" */;
			buildPhases = (
				FFCA2DDE291E644200ED877E /* Sources */,
				FFCA2DDF291E644200ED877E /* Frameworks */,
				FFCA2DE0291E644200ED877E /* Resources */,
			);
			buildRules = (
			);
			dependencies = (
				FFCA2DE4291E644200ED877E /* PBXTargetDependency */,
			);
			name = RickMortyGraphQLTests;
			productName = SpaceXAppTests;
			productReference = FFCA2DE2291E644200ED877E /* RickMortyGraphQLTests.xctest */;
			productType = "com.apple.product-type.bundle.unit-test";
		};
		FFCA2DEB291E644200ED877E /* RickMortyGraphQLUITests */ = {
			isa = PBXNativeTarget;
			buildConfigurationList = FFCA2DFC291E644200ED877E /* Build configuration list for PBXNativeTarget "RickMortyGraphQLUITests" */;
			buildPhases = (
				FFCA2DE8291E644200ED877E /* Sources */,
				FFCA2DE9291E644200ED877E /* Frameworks */,
				FFCA2DEA291E644200ED877E /* Resources */,
			);
			buildRules = (
			);
			dependencies = (
				FFCA2DEE291E644200ED877E /* PBXTargetDependency */,
			);
			name = RickMortyGraphQLUITests;
			productName = SpaceXAppUITests;
			productReference = FFCA2DEC291E644200ED877E /* RickMortyGraphQLUITests.xctest */;
			productType = "com.apple.product-type.bundle.ui-testing";
		};
/* End PBXNativeTarget section */

/* Begin PBXProject section */
		FFCA2DC4291E643F00ED877E /* Project object */ = {
			isa = PBXProject;
			attributes = {
				BuildIndependentTargetsInParallel = 1;
				LastSwiftUpdateCheck = 1340;
				LastUpgradeCheck = 1340;
				TargetAttributes = {
					FFCA2DCB291E643F00ED877E = {
						CreatedOnToolsVersion = 13.4.1;
					};
					FFCA2DE1291E644200ED877E = {
						CreatedOnToolsVersion = 13.4.1;
						TestTargetID = FFCA2DCB291E643F00ED877E;
					};
					FFCA2DEB291E644200ED877E = {
						CreatedOnToolsVersion = 13.4.1;
						TestTargetID = FFCA2DCB291E643F00ED877E;
					};
				};
			};
			buildConfigurationList = FFCA2DC7291E643F00ED877E /* Build configuration list for PBXProject "RickMortyGraphQL" */;
			compatibilityVersion = "Xcode 13.0";
			developmentRegion = en;
			hasScannedForEncodings = 0;
			knownRegions = (
				en,
				Base,
			);
			mainGroup = FFCA2DC3291E643F00ED877E;
			packageReferences = (
				FF5B7B87297934900049F5D6 /* XCRemoteSwiftPackageReference "Kingfisher" */,
				FF67F1DC297AE2BA002B606B /* XCRemoteSwiftPackageReference "realm-swift" */,
				FFA2DE532980006F00D6B013 /* XCRemoteSwiftPackageReference "ApolloCombine" */,
				FFA2DE562980009900D6B013 /* XCRemoteSwiftPackageReference "apollo-ios" */,
			);
			productRefGroup = FFCA2DCD291E643F00ED877E /* Products */;
			projectDirPath = "";
			projectRoot = "";
			targets = (
				FFCA2DCB291E643F00ED877E /* RickMortyGraphQL */,
				FFCA2DE1291E644200ED877E /* RickMortyGraphQLTests */,
				FFCA2DEB291E644200ED877E /* RickMortyGraphQLUITests */,
			);
		};
/* End PBXProject section */

/* Begin PBXResourcesBuildPhase section */
		FFCA2DCA291E643F00ED877E /* Resources */ = {
			isa = PBXResourcesBuildPhase;
			buildActionMask = 2147483647;
			files = (
				FFD6BE6729A3A3220050E4D0 /* getLocationsQuery.graphql in Resources */,
				FF877FBE29795C7900029787 /* query.graphql in Resources */,
				FF877FCB297964FA00029787 /* schema.json in Resources */,
				FFCA2DDC291E644200ED877E /* LaunchScreen.storyboard in Resources */,
				FFCA2DD9291E644200ED877E /* Assets.xcassets in Resources */,
				FFCA2DD7291E643F00ED877E /* Main.storyboard in Resources */,
				FFA2DE5C2980025000D6B013 /* query2.graphql in Resources */,
				FFEB667329814F2A00D0E5C2 /* getCharactersQuery.graphql in Resources */,
			);
			runOnlyForDeploymentPostprocessing = 0;
		};
		FFCA2DE0291E644200ED877E /* Resources */ = {
			isa = PBXResourcesBuildPhase;
			buildActionMask = 2147483647;
			files = (
			);
			runOnlyForDeploymentPostprocessing = 0;
		};
		FFCA2DEA291E644200ED877E /* Resources */ = {
			isa = PBXResourcesBuildPhase;
			buildActionMask = 2147483647;
			files = (
			);
			runOnlyForDeploymentPostprocessing = 0;
		};
/* End PBXResourcesBuildPhase section */

/* Begin PBXShellScriptBuildPhase section */
		FF898988297FCF0600CA0291 /* Apollo */ = {
			isa = PBXShellScriptBuildPhase;
			buildActionMask = 2147483647;
			files = (
			);
			inputFileListPaths = (
			);
			inputPaths = (
			);
			name = Apollo;
			outputFileListPaths = (
			);
			outputPaths = (
			);
			runOnlyForDeploymentPostprocessing = 0;
			shellPath = /bin/sh;
			shellScript = "# Type a script or drag a script file from your workspace to insert its path.\n# Go to the build root and search up the chain to find the Derived Data Path where the source packages are checked out.\nDERIVED_DATA_CANDIDATE=\"${BUILD_ROOT}\"\n\nwhile ! [ -d \"${DERIVED_DATA_CANDIDATE}/SourcePackages\" ]; do\n  if [ \"${DERIVED_DATA_CANDIDATE}\" = / ]; then\n    echo >&2 \"error: Unable to locate SourcePackages directory from BUILD_ROOT: '${BUILD_ROOT}'\"\n    exit 1\n  fi\n\n  DERIVED_DATA_CANDIDATE=\"$(dirname \"${DERIVED_DATA_CANDIDATE}\")\"\ndone\n\n# Grab a reference to the directory where scripts are checked out\nSCRIPT_PATH=\"${DERIVED_DATA_CANDIDATE}/SourcePackages/checkouts/apollo-ios/scripts\"\n\nif [ -z \"${SCRIPT_PATH}\" ]; then\n    echo >&2 \"error: Couldn't find the CLI script in your checked out SPM packages; make sure to add the framework to your project.\"\n    exit 1\nfi\n\ncd \"${SRCROOT}/${TARGET_NAME}\"\n\"${SCRIPT_PATH}\"/run-bundled-codegen.sh codegen:generate --target=swift --includes=./**/*.graphql --localSchemaFile=\"schema.json\" API.swift\n";
		};
/* End PBXShellScriptBuildPhase section */

/* Begin PBXSourcesBuildPhase section */
		FFCA2DC8291E643F00ED877E /* Sources */ = {
			isa = PBXSourcesBuildPhase;
			buildActionMask = 2147483647;
			files = (
				FF67F1E5297D5BB6002B606B /* RealmService.swift in Sources */,
				FF898993297FD23E00CA0291 /* MainPageBuilder.swift in Sources */,
				FFA2DE632980230E00D6B013 /* Coordinator.swift in Sources */,
				FF67F1EF297D9240002B606B /* ObjectExtension.swift in Sources */,
				FF7F01D62983C2AA00080CA2 /* SkeletonView.swift in Sources */,
				FFD8602B299CB3DC0087CE66 /* CharacterDetailViewController.swift in Sources */,
				FFCA2DD0291E643F00ED877E /* AppDelegate.swift in Sources */,
				FF7E149C297EB02100FFC04B /* MainPageViewModel.swift in Sources */,
				FF5ED90129997E0500804CA5 /* CharacterCellDataState.swift in Sources */,
				FF67F1DB297A8E4E002B606B /* Log.swift in Sources */,
				FF35FC58297A74DA00196881 /* CharacterDetail.swift in Sources */,
				FFD6BE8329A4DB340050E4D0 /* LocationCellViewModel.swift in Sources */,
				FF35FC4B2979737300196881 /* NetworkManager.swift in Sources */,
				FFD6BE8129A4DAFE0050E4D0 /* LocationCollectionViewCell.swift in Sources */,
				FFD86032299CB5E70087CE66 /* CharacterDetailCoordinator.swift in Sources */,
				FF7F01EB2983FB3900080CA2 /* MainPageViewController.swift in Sources */,
				FFD86030299CB3DC0087CE66 /* CharacterDetailBuilder.swift in Sources */,
				FF7F01E82983FAFF00080CA2 /* SplashBuilder.swift in Sources */,
				FF7F01DF2983ED8800080CA2 /* MainPageCoordinator.swift in Sources */,
				FF35FC532979746E00196881 /* ImageOfCharacters.swift in Sources */,
				FFCA2DD2291E643F00ED877E /* SceneDelegate.swift in Sources */,
				FF35FC542979746E00196881 /* Location.swift in Sources */,
				FF67F1E7297D5BDC002B606B /* Constants.swift in Sources */,
				FF5ED906299B6A6C00804CA5 /* HeaderView.swift in Sources */,
				FF7F01E12983F8D200080CA2 /* CharacterCollectionViewCell.swift in Sources */,
				FFEB66772982590300D0E5C2 /* MainPageDataState.swift in Sources */,
				FF7F01E32983F97F00080CA2 /* CharacterCellViewModel.swift in Sources */,
				FF89898D297FD17A00CA0291 /* API.swift in Sources */,
				FF7F01E72983FAFF00080CA2 /* SplashCoordinator.swift in Sources */,
				FF7F01E92983FAFF00080CA2 /* SplashController.swift in Sources */,
				FF35FC562979746E00196881 /* Episode.swift in Sources */,
				FF67F1EA297D5DC8002B606B /* EncodableExtension.swift in Sources */,
				FFA2DE672981041300D6B013 /* UIViewExtensions.swift in Sources */,
				FFD6BE8529A4E3FD0050E4D0 /* MainPageContracts.swift in Sources */,
				FFD86034299CB63D0087CE66 /* CharacterDetailViewModel.swift in Sources */,
				FF67F1EC297D5EAD002B606B /* ErrorLogging.swift in Sources */,
				FF35FC552979746E00196881 /* Character.swift in Sources */,
			);
			runOnlyForDeploymentPostprocessing = 0;
		};
		FFCA2DDE291E644200ED877E /* Sources */ = {
			isa = PBXSourcesBuildPhase;
			buildActionMask = 2147483647;
			files = (
				FFCA2DE7291E644200ED877E /* SpaceXAppTests.swift in Sources */,
			);
			runOnlyForDeploymentPostprocessing = 0;
		};
		FFCA2DE8291E644200ED877E /* Sources */ = {
			isa = PBXSourcesBuildPhase;
			buildActionMask = 2147483647;
			files = (
				FFCA2DF3291E644200ED877E /* SpaceXAppUITestsLaunchTests.swift in Sources */,
				FFCA2DF1291E644200ED877E /* SpaceXAppUITests.swift in Sources */,
			);
			runOnlyForDeploymentPostprocessing = 0;
		};
/* End PBXSourcesBuildPhase section */

/* Begin PBXTargetDependency section */
		FFCA2DE4291E644200ED877E /* PBXTargetDependency */ = {
			isa = PBXTargetDependency;
			target = FFCA2DCB291E643F00ED877E /* RickMortyGraphQL */;
			targetProxy = FFCA2DE3291E644200ED877E /* PBXContainerItemProxy */;
		};
		FFCA2DEE291E644200ED877E /* PBXTargetDependency */ = {
			isa = PBXTargetDependency;
			target = FFCA2DCB291E643F00ED877E /* RickMortyGraphQL */;
			targetProxy = FFCA2DED291E644200ED877E /* PBXContainerItemProxy */;
		};
/* End PBXTargetDependency section */

/* Begin PBXVariantGroup section */
		FFCA2DD5291E643F00ED877E /* Main.storyboard */ = {
			isa = PBXVariantGroup;
			children = (
				FFCA2DD6291E643F00ED877E /* Base */,
			);
			name = Main.storyboard;
			sourceTree = "<group>";
		};
		FFCA2DDA291E644200ED877E /* LaunchScreen.storyboard */ = {
			isa = PBXVariantGroup;
			children = (
				FFCA2DDB291E644200ED877E /* Base */,
			);
			name = LaunchScreen.storyboard;
			sourceTree = "<group>";
		};
/* End PBXVariantGroup section */

/* Begin XCBuildConfiguration section */
		FFCA2DF4291E644200ED877E /* Debug */ = {
			isa = XCBuildConfiguration;
			buildSettings = {
				ALWAYS_SEARCH_USER_PATHS = NO;
				CLANG_ANALYZER_NONNULL = YES;
				CLANG_ANALYZER_NUMBER_OBJECT_CONVERSION = YES_AGGRESSIVE;
				CLANG_CXX_LANGUAGE_STANDARD = "gnu++17";
				CLANG_ENABLE_MODULES = YES;
				CLANG_ENABLE_OBJC_ARC = YES;
				CLANG_ENABLE_OBJC_WEAK = YES;
				CLANG_WARN_BLOCK_CAPTURE_AUTORELEASING = YES;
				CLANG_WARN_BOOL_CONVERSION = YES;
				CLANG_WARN_COMMA = YES;
				CLANG_WARN_CONSTANT_CONVERSION = YES;
				CLANG_WARN_DEPRECATED_OBJC_IMPLEMENTATIONS = YES;
				CLANG_WARN_DIRECT_OBJC_ISA_USAGE = YES_ERROR;
				CLANG_WARN_DOCUMENTATION_COMMENTS = YES;
				CLANG_WARN_EMPTY_BODY = YES;
				CLANG_WARN_ENUM_CONVERSION = YES;
				CLANG_WARN_INFINITE_RECURSION = YES;
				CLANG_WARN_INT_CONVERSION = YES;
				CLANG_WARN_NON_LITERAL_NULL_CONVERSION = YES;
				CLANG_WARN_OBJC_IMPLICIT_RETAIN_SELF = YES;
				CLANG_WARN_OBJC_LITERAL_CONVERSION = YES;
				CLANG_WARN_OBJC_ROOT_CLASS = YES_ERROR;
				CLANG_WARN_QUOTED_INCLUDE_IN_FRAMEWORK_HEADER = YES;
				CLANG_WARN_RANGE_LOOP_ANALYSIS = YES;
				CLANG_WARN_STRICT_PROTOTYPES = YES;
				CLANG_WARN_SUSPICIOUS_MOVE = YES;
				CLANG_WARN_UNGUARDED_AVAILABILITY = YES_AGGRESSIVE;
				CLANG_WARN_UNREACHABLE_CODE = YES;
				CLANG_WARN__DUPLICATE_METHOD_MATCH = YES;
				COPY_PHASE_STRIP = NO;
				DEBUG_INFORMATION_FORMAT = dwarf;
				ENABLE_STRICT_OBJC_MSGSEND = YES;
				ENABLE_TESTABILITY = YES;
				GCC_C_LANGUAGE_STANDARD = gnu11;
				GCC_DYNAMIC_NO_PIC = NO;
				GCC_NO_COMMON_BLOCKS = YES;
				GCC_OPTIMIZATION_LEVEL = 0;
				GCC_PREPROCESSOR_DEFINITIONS = (
					"DEBUG=1",
					"$(inherited)",
				);
				GCC_WARN_64_TO_32_BIT_CONVERSION = YES;
				GCC_WARN_ABOUT_RETURN_TYPE = YES_ERROR;
				GCC_WARN_UNDECLARED_SELECTOR = YES;
				GCC_WARN_UNINITIALIZED_AUTOS = YES_AGGRESSIVE;
				GCC_WARN_UNUSED_FUNCTION = YES;
				GCC_WARN_UNUSED_VARIABLE = YES;
				IPHONEOS_DEPLOYMENT_TARGET = 13.0;
				MTL_ENABLE_DEBUG_INFO = INCLUDE_SOURCE;
				MTL_FAST_MATH = YES;
				ONLY_ACTIVE_ARCH = YES;
				SDKROOT = iphoneos;
				SWIFT_ACTIVE_COMPILATION_CONDITIONS = DEBUG;
				SWIFT_OPTIMIZATION_LEVEL = "-Onone";
			};
			name = Debug;
		};
		FFCA2DF5291E644200ED877E /* Release */ = {
			isa = XCBuildConfiguration;
			buildSettings = {
				ALWAYS_SEARCH_USER_PATHS = NO;
				CLANG_ANALYZER_NONNULL = YES;
				CLANG_ANALYZER_NUMBER_OBJECT_CONVERSION = YES_AGGRESSIVE;
				CLANG_CXX_LANGUAGE_STANDARD = "gnu++17";
				CLANG_ENABLE_MODULES = YES;
				CLANG_ENABLE_OBJC_ARC = YES;
				CLANG_ENABLE_OBJC_WEAK = YES;
				CLANG_WARN_BLOCK_CAPTURE_AUTORELEASING = YES;
				CLANG_WARN_BOOL_CONVERSION = YES;
				CLANG_WARN_COMMA = YES;
				CLANG_WARN_CONSTANT_CONVERSION = YES;
				CLANG_WARN_DEPRECATED_OBJC_IMPLEMENTATIONS = YES;
				CLANG_WARN_DIRECT_OBJC_ISA_USAGE = YES_ERROR;
				CLANG_WARN_DOCUMENTATION_COMMENTS = YES;
				CLANG_WARN_EMPTY_BODY = YES;
				CLANG_WARN_ENUM_CONVERSION = YES;
				CLANG_WARN_INFINITE_RECURSION = YES;
				CLANG_WARN_INT_CONVERSION = YES;
				CLANG_WARN_NON_LITERAL_NULL_CONVERSION = YES;
				CLANG_WARN_OBJC_IMPLICIT_RETAIN_SELF = YES;
				CLANG_WARN_OBJC_LITERAL_CONVERSION = YES;
				CLANG_WARN_OBJC_ROOT_CLASS = YES_ERROR;
				CLANG_WARN_QUOTED_INCLUDE_IN_FRAMEWORK_HEADER = YES;
				CLANG_WARN_RANGE_LOOP_ANALYSIS = YES;
				CLANG_WARN_STRICT_PROTOTYPES = YES;
				CLANG_WARN_SUSPICIOUS_MOVE = YES;
				CLANG_WARN_UNGUARDED_AVAILABILITY = YES_AGGRESSIVE;
				CLANG_WARN_UNREACHABLE_CODE = YES;
				CLANG_WARN__DUPLICATE_METHOD_MATCH = YES;
				COPY_PHASE_STRIP = NO;
				DEBUG_INFORMATION_FORMAT = "dwarf-with-dsym";
				ENABLE_NS_ASSERTIONS = NO;
				ENABLE_STRICT_OBJC_MSGSEND = YES;
				GCC_C_LANGUAGE_STANDARD = gnu11;
				GCC_NO_COMMON_BLOCKS = YES;
				GCC_WARN_64_TO_32_BIT_CONVERSION = YES;
				GCC_WARN_ABOUT_RETURN_TYPE = YES_ERROR;
				GCC_WARN_UNDECLARED_SELECTOR = YES;
				GCC_WARN_UNINITIALIZED_AUTOS = YES_AGGRESSIVE;
				GCC_WARN_UNUSED_FUNCTION = YES;
				GCC_WARN_UNUSED_VARIABLE = YES;
				IPHONEOS_DEPLOYMENT_TARGET = 13.0;
				MTL_ENABLE_DEBUG_INFO = NO;
				MTL_FAST_MATH = YES;
				SDKROOT = iphoneos;
				SWIFT_COMPILATION_MODE = wholemodule;
				SWIFT_OPTIMIZATION_LEVEL = "-O";
				VALIDATE_PRODUCT = YES;
			};
			name = Release;
		};
		FFCA2DF7291E644200ED877E /* Debug */ = {
			isa = XCBuildConfiguration;
			buildSettings = {
				ASSETCATALOG_COMPILER_APPICON_NAME = AppIcon;
				ASSETCATALOG_COMPILER_GLOBAL_ACCENT_COLOR_NAME = AccentColor;
				CODE_SIGN_STYLE = Automatic;
				CURRENT_PROJECT_VERSION = 1;
				DEVELOPMENT_TEAM = YN68PVVGP5;
				GENERATE_INFOPLIST_FILE = YES;
				INFOPLIST_FILE = RickMortyGraphQL/Info.plist;
				INFOPLIST_KEY_UIApplicationSupportsIndirectInputEvents = YES;
				INFOPLIST_KEY_UILaunchStoryboardName = LaunchScreen;
				INFOPLIST_KEY_UIMainStoryboardFile = Main;
				INFOPLIST_KEY_UISupportedInterfaceOrientations_iPad = "UIInterfaceOrientationPortrait UIInterfaceOrientationPortraitUpsideDown UIInterfaceOrientationLandscapeLeft UIInterfaceOrientationLandscapeRight";
				INFOPLIST_KEY_UISupportedInterfaceOrientations_iPhone = "UIInterfaceOrientationPortrait UIInterfaceOrientationLandscapeLeft UIInterfaceOrientationLandscapeRight";
				LD_RUNPATH_SEARCH_PATHS = (
					"$(inherited)",
					"@executable_path/Frameworks",
				);
				MARKETING_VERSION = 1.0;
				PRODUCT_BUNDLE_IDENTIFIER = com.testRustApp.SpaceXApp;
				PRODUCT_NAME = "$(TARGET_NAME)";
				SWIFT_EMIT_LOC_STRINGS = YES;
				SWIFT_VERSION = 5.0;
				TARGETED_DEVICE_FAMILY = "1,2";
			};
			name = Debug;
		};
		FFCA2DF8291E644200ED877E /* Release */ = {
			isa = XCBuildConfiguration;
			buildSettings = {
				ASSETCATALOG_COMPILER_APPICON_NAME = AppIcon;
				ASSETCATALOG_COMPILER_GLOBAL_ACCENT_COLOR_NAME = AccentColor;
				CODE_SIGN_STYLE = Automatic;
				CURRENT_PROJECT_VERSION = 1;
				DEVELOPMENT_TEAM = YN68PVVGP5;
				GENERATE_INFOPLIST_FILE = YES;
				INFOPLIST_FILE = RickMortyGraphQL/Info.plist;
				INFOPLIST_KEY_UIApplicationSupportsIndirectInputEvents = YES;
				INFOPLIST_KEY_UILaunchStoryboardName = LaunchScreen;
				INFOPLIST_KEY_UIMainStoryboardFile = Main;
				INFOPLIST_KEY_UISupportedInterfaceOrientations_iPad = "UIInterfaceOrientationPortrait UIInterfaceOrientationPortraitUpsideDown UIInterfaceOrientationLandscapeLeft UIInterfaceOrientationLandscapeRight";
				INFOPLIST_KEY_UISupportedInterfaceOrientations_iPhone = "UIInterfaceOrientationPortrait UIInterfaceOrientationLandscapeLeft UIInterfaceOrientationLandscapeRight";
				LD_RUNPATH_SEARCH_PATHS = (
					"$(inherited)",
					"@executable_path/Frameworks",
				);
				MARKETING_VERSION = 1.0;
				PRODUCT_BUNDLE_IDENTIFIER = com.testRustApp.SpaceXApp;
				PRODUCT_NAME = "$(TARGET_NAME)";
				SWIFT_EMIT_LOC_STRINGS = YES;
				SWIFT_VERSION = 5.0;
				TARGETED_DEVICE_FAMILY = "1,2";
			};
			name = Release;
		};
		FFCA2DFA291E644200ED877E /* Debug */ = {
			isa = XCBuildConfiguration;
			buildSettings = {
				ALWAYS_EMBED_SWIFT_STANDARD_LIBRARIES = YES;
				BUNDLE_LOADER = "$(TEST_HOST)";
				CODE_SIGN_STYLE = Automatic;
				CURRENT_PROJECT_VERSION = 1;
				DEVELOPMENT_TEAM = YN68PVVGP5;
				GENERATE_INFOPLIST_FILE = YES;
				IPHONEOS_DEPLOYMENT_TARGET = 13.0;
				MARKETING_VERSION = 1.0;
				PRODUCT_BUNDLE_IDENTIFIER = com.testRustApp.SpaceXAppTests;
				PRODUCT_NAME = "$(TARGET_NAME)";
				SWIFT_EMIT_LOC_STRINGS = NO;
				SWIFT_VERSION = 5.0;
				TARGETED_DEVICE_FAMILY = "1,2";
				TEST_HOST = "$(BUILT_PRODUCTS_DIR)/RickMortyGraphQL.app/RickMortyGraphQL";
			};
			name = Debug;
		};
		FFCA2DFB291E644200ED877E /* Release */ = {
			isa = XCBuildConfiguration;
			buildSettings = {
				ALWAYS_EMBED_SWIFT_STANDARD_LIBRARIES = YES;
				BUNDLE_LOADER = "$(TEST_HOST)";
				CODE_SIGN_STYLE = Automatic;
				CURRENT_PROJECT_VERSION = 1;
				DEVELOPMENT_TEAM = YN68PVVGP5;
				GENERATE_INFOPLIST_FILE = YES;
				IPHONEOS_DEPLOYMENT_TARGET = 13.0;
				MARKETING_VERSION = 1.0;
				PRODUCT_BUNDLE_IDENTIFIER = com.testRustApp.SpaceXAppTests;
				PRODUCT_NAME = "$(TARGET_NAME)";
				SWIFT_EMIT_LOC_STRINGS = NO;
				SWIFT_VERSION = 5.0;
				TARGETED_DEVICE_FAMILY = "1,2";
				TEST_HOST = "$(BUILT_PRODUCTS_DIR)/RickMortyGraphQL.app/RickMortyGraphQL";
			};
			name = Release;
		};
		FFCA2DFD291E644200ED877E /* Debug */ = {
			isa = XCBuildConfiguration;
			buildSettings = {
				ALWAYS_EMBED_SWIFT_STANDARD_LIBRARIES = YES;
				CODE_SIGN_STYLE = Automatic;
				CURRENT_PROJECT_VERSION = 1;
				DEVELOPMENT_TEAM = YN68PVVGP5;
				GENERATE_INFOPLIST_FILE = YES;
				MARKETING_VERSION = 1.0;
				PRODUCT_BUNDLE_IDENTIFIER = com.testRustApp.SpaceXAppUITests;
				PRODUCT_NAME = "$(TARGET_NAME)";
				SWIFT_EMIT_LOC_STRINGS = NO;
				SWIFT_VERSION = 5.0;
				TARGETED_DEVICE_FAMILY = "1,2";
				TEST_TARGET_NAME = SpaceXApp;
			};
			name = Debug;
		};
		FFCA2DFE291E644200ED877E /* Release */ = {
			isa = XCBuildConfiguration;
			buildSettings = {
				ALWAYS_EMBED_SWIFT_STANDARD_LIBRARIES = YES;
				CODE_SIGN_STYLE = Automatic;
				CURRENT_PROJECT_VERSION = 1;
				DEVELOPMENT_TEAM = YN68PVVGP5;
				GENERATE_INFOPLIST_FILE = YES;
				MARKETING_VERSION = 1.0;
				PRODUCT_BUNDLE_IDENTIFIER = com.testRustApp.SpaceXAppUITests;
				PRODUCT_NAME = "$(TARGET_NAME)";
				SWIFT_EMIT_LOC_STRINGS = NO;
				SWIFT_VERSION = 5.0;
				TARGETED_DEVICE_FAMILY = "1,2";
				TEST_TARGET_NAME = SpaceXApp;
			};
			name = Release;
		};
/* End XCBuildConfiguration section */

/* Begin XCConfigurationList section */
		FFCA2DC7291E643F00ED877E /* Build configuration list for PBXProject "RickMortyGraphQL" */ = {
			isa = XCConfigurationList;
			buildConfigurations = (
				FFCA2DF4291E644200ED877E /* Debug */,
				FFCA2DF5291E644200ED877E /* Release */,
			);
			defaultConfigurationIsVisible = 0;
			defaultConfigurationName = Release;
		};
		FFCA2DF6291E644200ED877E /* Build configuration list for PBXNativeTarget "RickMortyGraphQL" */ = {
			isa = XCConfigurationList;
			buildConfigurations = (
				FFCA2DF7291E644200ED877E /* Debug */,
				FFCA2DF8291E644200ED877E /* Release */,
			);
			defaultConfigurationIsVisible = 0;
			defaultConfigurationName = Release;
		};
		FFCA2DF9291E644200ED877E /* Build configuration list for PBXNativeTarget "RickMortyGraphQLTests" */ = {
			isa = XCConfigurationList;
			buildConfigurations = (
				FFCA2DFA291E644200ED877E /* Debug */,
				FFCA2DFB291E644200ED877E /* Release */,
			);
			defaultConfigurationIsVisible = 0;
			defaultConfigurationName = Release;
		};
		FFCA2DFC291E644200ED877E /* Build configuration list for PBXNativeTarget "RickMortyGraphQLUITests" */ = {
			isa = XCConfigurationList;
			buildConfigurations = (
				FFCA2DFD291E644200ED877E /* Debug */,
				FFCA2DFE291E644200ED877E /* Release */,
			);
			defaultConfigurationIsVisible = 0;
			defaultConfigurationName = Release;
		};
/* End XCConfigurationList section */

/* Begin XCRemoteSwiftPackageReference section */
		FF5B7B87297934900049F5D6 /* XCRemoteSwiftPackageReference "Kingfisher" */ = {
			isa = XCRemoteSwiftPackageReference;
			repositoryURL = "https://github.com/onevcat/Kingfisher.git";
			requirement = {
				kind = upToNextMajorVersion;
				minimumVersion = 7.0.0;
			};
		};
		FF67F1DC297AE2BA002B606B /* XCRemoteSwiftPackageReference "realm-swift" */ = {
			isa = XCRemoteSwiftPackageReference;
			repositoryURL = "https://github.com/realm/realm-swift";
			requirement = {
				kind = upToNextMajorVersion;
				minimumVersion = 10.34.0;
			};
		};
		FFA2DE532980006F00D6B013 /* XCRemoteSwiftPackageReference "ApolloCombine" */ = {
			isa = XCRemoteSwiftPackageReference;
			repositoryURL = "https://github.com/joel-perry/ApolloCombine";
			requirement = {
				kind = upToNextMajorVersion;
				minimumVersion = 0.5.0;
			};
		};
		FFA2DE562980009900D6B013 /* XCRemoteSwiftPackageReference "apollo-ios" */ = {
			isa = XCRemoteSwiftPackageReference;
			repositoryURL = "https://github.com/apollographql/apollo-ios.git";
			requirement = {
				kind = upToNextMinorVersion;
				minimumVersion = 0.50.0;
			};
		};
/* End XCRemoteSwiftPackageReference section */

/* Begin XCSwiftPackageProductDependency section */
		FF5B7B88297934900049F5D6 /* Kingfisher */ = {
			isa = XCSwiftPackageProductDependency;
			package = FF5B7B87297934900049F5D6 /* XCRemoteSwiftPackageReference "Kingfisher" */;
			productName = Kingfisher;
		};
		FF67F1DD297AE2BA002B606B /* Realm */ = {
			isa = XCSwiftPackageProductDependency;
			package = FF67F1DC297AE2BA002B606B /* XCRemoteSwiftPackageReference "realm-swift" */;
			productName = Realm;
		};
		FF67F1DF297AE2BA002B606B /* RealmSwift */ = {
			isa = XCSwiftPackageProductDependency;
			package = FF67F1DC297AE2BA002B606B /* XCRemoteSwiftPackageReference "realm-swift" */;
			productName = RealmSwift;
		};
		FFA2DE542980006F00D6B013 /* ApolloCombine */ = {
			isa = XCSwiftPackageProductDependency;
			package = FFA2DE532980006F00D6B013 /* XCRemoteSwiftPackageReference "ApolloCombine" */;
			productName = ApolloCombine;
		};
		FFA2DE572980009900D6B013 /* Apollo */ = {
			isa = XCSwiftPackageProductDependency;
			package = FFA2DE562980009900D6B013 /* XCRemoteSwiftPackageReference "apollo-ios" */;
			productName = Apollo;
		};
/* End XCSwiftPackageProductDependency section */
	};
	rootObject = FFCA2DC4291E643F00ED877E /* Project object */;
}
